// !$*UTF8*$!
{
	archiveVersion = 1;
	classes = {
	};
	objectVersion = 46;
	objects = {

/* Begin PBXBuildFile section */
		AD13C4DF1DB737DB008A9CEA /* AppDelegate.swift in Sources */ = {isa = PBXBuildFile; fileRef = AD13C4DE1DB737DB008A9CEA /* AppDelegate.swift */; };
		AD13C4E11DB737DB008A9CEA /* ViewController.swift in Sources */ = {isa = PBXBuildFile; fileRef = AD13C4E01DB737DB008A9CEA /* ViewController.swift */; };
		AD13C4E41DB737DB008A9CEA /* Main.storyboard in Resources */ = {isa = PBXBuildFile; fileRef = AD13C4E21DB737DB008A9CEA /* Main.storyboard */; };
		AD13C4E71DB737DB008A9CEA /* _D_Touch_Demo.xcdatamodeld in Sources */ = {isa = PBXBuildFile; fileRef = AD13C4E51DB737DB008A9CEA /* _D_Touch_Demo.xcdatamodeld */; };
		AD13C4E91DB737DB008A9CEA /* Assets.xcassets in Resources */ = {isa = PBXBuildFile; fileRef = AD13C4E81DB737DB008A9CEA /* Assets.xcassets */; };
		AD13C4EC1DB737DB008A9CEA /* LaunchScreen.storyboard in Resources */ = {isa = PBXBuildFile; fileRef = AD13C4EA1DB737DB008A9CEA /* LaunchScreen.storyboard */; };
		AD13C4F41DB73AB7008A9CEA /* PeekViewController.swift in Sources */ = {isa = PBXBuildFile; fileRef = AD13C4F31DB73AB7008A9CEA /* PeekViewController.swift */; };
		AD13C4F61DB73AC6008A9CEA /* PopViewController.swift in Sources */ = {isa = PBXBuildFile; fileRef = AD13C4F51DB73AC6008A9CEA /* PopViewController.swift */; };
/* End PBXBuildFile section */

/* Begin PBXFileReference section */
		AD13C4DB1DB737DB008A9CEA /* 3D Touch Demo.app */ = {isa = PBXFileReference; explicitFileType = wrapper.application; includeInIndex = 0; path = "3D Touch Demo.app"; sourceTree = BUILT_PRODUCTS_DIR; };
		AD13C4DE1DB737DB008A9CEA /* AppDelegate.swift */ = {isa = PBXFileReference; lastKnownFileType = sourcecode.swift; path = AppDelegate.swift; sourceTree = "<group>"; };
		AD13C4E01DB737DB008A9CEA /* ViewController.swift */ = {isa = PBXFileReference; lastKnownFileType = sourcecode.swift; path = ViewController.swift; sourceTree = "<group>"; };
		AD13C4E31DB737DB008A9CEA /* Base */ = {isa = PBXFileReference; lastKnownFileType = file.storyboard; name = Base; path = Base.lproj/Main.storyboard; sourceTree = "<group>"; };
		AD13C4E61DB737DB008A9CEA /* _D_Touch_Demo.xcdatamodel */ = {isa = PBXFileReference; lastKnownFileType = wrapper.xcdatamodel; path = _D_Touch_Demo.xcdatamodel; sourceTree = "<group>"; };
		AD13C4E81DB737DB008A9CEA /* Assets.xcassets */ = {isa = PBXFileReference; lastKnownFileType = folder.assetcatalog; path = Assets.xcassets; sourceTree = "<group>"; };
		AD13C4EB1DB737DB008A9CEA /* Base */ = {isa = PBXFileReference; lastKnownFileType = file.storyboard; name = Base; path = Base.lproj/LaunchScreen.storyboard; sourceTree = "<group>"; };
		AD13C4ED1DB737DB008A9CEA /* Info.plist */ = {isa = PBXFileReference; lastKnownFileType = text.plist.xml; path = Info.plist; sourceTree = "<group>"; };
		AD13C4F31DB73AB7008A9CEA /* PeekViewController.swift */ = {isa = PBXFileReference; fileEncoding = 4; lastKnownFileType = sourcecode.swift; name = PeekViewController.swift; path = ../PeekViewController.swift; sourceTree = "<group>"; };
		AD13C4F51DB73AC6008A9CEA /* PopViewController.swift */ = {isa = PBXFileReference; fileEncoding = 4; lastKnownFileType = sourcecode.swift; name = PopViewController.swift; path = ../PopViewController.swift; sourceTree = "<group>"; };
/* End PBXFileReference section */

/* Begin PBXFrameworksBuildPhase section */
		AD13C4D81DB737DB008A9CEA /* Frameworks */ = {
			isa = PBXFrameworksBuildPhase;
			buildActionMask = 2147483647;
			files = (
			);
			runOnlyForDeploymentPostprocessing = 0;
		};
/* End PBXFrameworksBuildPhase section */

/* Begin PBXGroup section */
		AD13C4D21DB737DB008A9CEA = {
			isa = PBXGroup;
			children = (
				AD13C4DD1DB737DB008A9CEA /* 3D Touch Demo */,
				AD13C4DC1DB737DB008A9CEA /* Products */,
			);
			sourceTree = "<group>";
		};
		AD13C4DC1DB737DB008A9CEA /* Products */ = {
			isa = PBXGroup;
			children = (
				AD13C4DB1DB737DB008A9CEA /* 3D Touch Demo.app */,
			);
			name = Products;
			sourceTree = "<group>";
		};
		AD13C4DD1DB737DB008A9CEA /* 3D Touch Demo */ = {
			isa = PBXGroup;
			children = (
				AD13C4DE1DB737DB008A9CEA /* AppDelegate.swift */,
				AD13C4E01DB737DB008A9CEA /* ViewController.swift */,
				AD13C4F31DB73AB7008A9CEA /* PeekViewController.swift */,
				AD13C4F51DB73AC6008A9CEA /* PopViewController.swift */,
				AD13C4E21DB737DB008A9CEA /* Main.storyboard */,
				AD13C4E81DB737DB008A9CEA /* Assets.xcassets */,
				AD13C4EA1DB737DB008A9CEA /* LaunchScreen.storyboard */,
				AD13C4ED1DB737DB008A9CEA /* Info.plist */,
				AD13C4E51DB737DB008A9CEA /* _D_Touch_Demo.xcdatamodeld */,
			);
			path = "3D Touch Demo";
			sourceTree = "<group>";
		};
/* End PBXGroup section */

/* Begin PBXNativeTarget section */
		AD13C4DA1DB737DB008A9CEA /* 3D Touch Demo */ = {
			isa = PBXNativeTarget;
			buildConfigurationList = AD13C4F01DB737DB008A9CEA /* Build configuration list for PBXNativeTarget "3D Touch Demo" */;
			buildPhases = (
				AD13C4D71DB737DB008A9CEA /* Sources */,
				AD13C4D81DB737DB008A9CEA /* Frameworks */,
				AD13C4D91DB737DB008A9CEA /* Resources */,
			);
			buildRules = (
			);
			dependencies = (
			);
			name = "3D Touch Demo";
			productName = "3D Touch Demo";
			productReference = AD13C4DB1DB737DB008A9CEA /* 3D Touch Demo.app */;
			productType = "com.apple.product-type.application";
		};
/* End PBXNativeTarget section */

/* Begin PBXProject section */
		AD13C4D31DB737DB008A9CEA /* Project object */ = {
			isa = PBXProject;
			attributes = {
				LastSwiftUpdateCheck = 0800;
				LastUpgradeCheck = 0800;
				ORGANIZATIONNAME = IBM;
				TargetAttributes = {
					AD13C4DA1DB737DB008A9CEA = {
						CreatedOnToolsVersion = 8.0;
						DevelopmentTeam = PP64RT7P8Z;
						ProvisioningStyle = Manual;
					};
				};
			};
			buildConfigurationList = AD13C4D61DB737DB008A9CEA /* Build configuration list for PBXProject "3D Touch Demo" */;
			compatibilityVersion = "Xcode 3.2";
			developmentRegion = English;
			hasScannedForEncodings = 0;
			knownRegions = (
				en,
				Base,
			);
			mainGroup = AD13C4D21DB737DB008A9CEA;
			productRefGroup = AD13C4DC1DB737DB008A9CEA /* Products */;
			projectDirPath = "";
			projectRoot = "";
			targets = (
				AD13C4DA1DB737DB008A9CEA /* 3D Touch Demo */,
			);
		};
/* End PBXProject section */

/* Begin PBXResourcesBuildPhase section */
		AD13C4D91DB737DB008A9CEA /* Resources */ = {
			isa = PBXResourcesBuildPhase;
			buildActionMask = 2147483647;
			files = (
				AD13C4EC1DB737DB008A9CEA /* LaunchScreen.storyboard in Resources */,
				AD13C4E91DB737DB008A9CEA /* Assets.xcassets in Resources */,
				AD13C4E41DB737DB008A9CEA /* Main.storyboard in Resources */,
			);
			runOnlyForDeploymentPostprocessing = 0;
		};
/* End PBXResourcesBuildPhase section */

/* Begin PBXSourcesBuildPhase section */
		AD13C4D71DB737DB008A9CEA /* Sources */ = {
			isa = PBXSourcesBuildPhase;
			buildActionMask = 2147483647;
			files = (
				AD13C4E11DB737DB008A9CEA /* ViewController.swift in Sources */,
				AD13C4E71DB737DB008A9CEA /* _D_Touch_Demo.xcdatamodeld in Sources */,
				AD13C4F61DB73AC6008A9CEA /* PopViewController.swift in Sources */,
				AD13C4DF1DB737DB008A9CEA /* AppDelegate.swift in Sources */,
				AD13C4F41DB73AB7008A9CEA /* PeekViewController.swift in Sources */,
			);
			runOnlyForDeploymentPostprocessing = 0;
		};
/* End PBXSourcesBuildPhase section */

/* Begin PBXVariantGroup section */
		AD13C4E21DB737DB008A9CEA /* Main.storyboard */ = {
			isa = PBXVariantGroup;
			children = (
				AD13C4E31DB737DB008A9CEA /* Base */,
			);
			name = Main.storyboard;
			sourceTree = "<group>";
		};
		AD13C4EA1DB737DB008A9CEA /* LaunchScreen.storyboard */ = {
			isa = PBXVariantGroup;
			children = (
				AD13C4EB1DB737DB008A9CEA /* Base */,
			);
			name = LaunchScreen.storyboard;
			sourceTree = "<group>";
		};
/* End PBXVariantGroup section */

/* Begin XCBuildConfiguration section */
		AD13C4EE1DB737DB008A9CEA /* Debug */ = {
			isa = XCBuildConfiguration;
			buildSettings = {
				ALWAYS_SEARCH_USER_PATHS = NO;
				CLANG_ANALYZER_NONNULL = YES;
				CLANG_CXX_LANGUAGE_STANDARD = "gnu++0x";
				CLANG_CXX_LIBRARY = "libc++";
				CLANG_ENABLE_MODULES = YES;
				CLANG_ENABLE_OBJC_ARC = YES;
				CLANG_WARN_BOOL_CONVERSION = YES;
				CLANG_WARN_CONSTANT_CONVERSION = YES;
				CLANG_WARN_DIRECT_OBJC_ISA_USAGE = YES_ERROR;
				CLANG_WARN_DOCUMENTATION_COMMENTS = YES;
				CLANG_WARN_EMPTY_BODY = YES;
				CLANG_WARN_ENUM_CONVERSION = YES;
				CLANG_WARN_INFINITE_RECURSION = YES;
				CLANG_WARN_INT_CONVERSION = YES;
				CLANG_WARN_OBJC_ROOT_CLASS = YES_ERROR;
				CLANG_WARN_SUSPICIOUS_MOVES = YES;
				CLANG_WARN_UNREACHABLE_CODE = YES;
				CLANG_WARN__DUPLICATE_METHOD_MATCH = YES;
				"CODE_SIGN_IDENTITY[sdk=iphoneos*]" = "iPhone Developer";
				COPY_PHASE_STRIP = NO;
				DEBUG_INFORMATION_FORMAT = dwarf;
				ENABLE_STRICT_OBJC_MSGSEND = YES;
				ENABLE_TESTABILITY = YES;
				GCC_C_LANGUAGE_STANDARD = gnu99;
				GCC_DYNAMIC_NO_PIC = NO;
				GCC_NO_COMMON_BLOCKS = YES;
				GCC_OPTIMIZATION_LEVEL = 0;
				GCC_PREPROCESSOR_DEFINITIONS = (
					"DEBUG=1",
					"$(inherited)",
				);
				GCC_WARN_64_TO_32_BIT_CONVERSION = YES;
				GCC_WARN_ABOUT_RETURN_TYPE = YES_ERROR;
				GCC_WARN_UNDECLARED_SELECTOR = YES;
				GCC_WARN_UNINITIALIZED_AUTOS = YES_AGGRESSIVE;
				GCC_WARN_UNUSED_FUNCTION = YES;
				GCC_WARN_UNUSED_VARIABLE = YES;
				IPHONEOS_DEPLOYMENT_TARGET = 10.0;
				MTL_ENABLE_DEBUG_INFO = YES;
				ONLY_ACTIVE_ARCH = YES;
				SDKROOT = iphoneos;
				SWIFT_ACTIVE_COMPILATION_CONDITIONS = DEBUG;
				SWIFT_OPTIMIZATION_LEVEL = "-Onone";
				TARGETED_DEVICE_FAMILY = "1,2";
			};
			name = Debug;
		};
		AD13C4EF1DB737DB008A9CEA /* Release */ = {
			isa = XCBuildConfiguration;
			buildSettings = {
				ALWAYS_SEARCH_USER_PATHS = NO;
				CLANG_ANALYZER_NONNULL = YES;
				CLANG_CXX_LANGUAGE_STANDARD = "gnu++0x";
				CLANG_CXX_LIBRARY = "libc++";
				CLANG_ENABLE_MODULES = YES;
				CLANG_ENABLE_OBJC_ARC = YES;
				CLANG_WARN_BOOL_CONVERSION = YES;
				CLANG_WARN_CONSTANT_CONVERSION = YES;
				CLANG_WARN_DIRECT_OBJC_ISA_USAGE = YES_ERROR;
				CLANG_WARN_DOCUMENTATION_COMMENTS = YES;
				CLANG_WARN_EMPTY_BODY = YES;
				CLANG_WARN_ENUM_CONVERSION = YES;
				CLANG_WARN_INFINITE_RECURSION = YES;
				CLANG_WARN_INT_CONVERSION = YES;
				CLANG_WARN_OBJC_ROOT_CLASS = YES_ERROR;
				CLANG_WARN_SUSPICIOUS_MOVES = YES;
				CLANG_WARN_UNREACHABLE_CODE = YES;
				CLANG_WARN__DUPLICATE_METHOD_MATCH = YES;
				"CODE_SIGN_IDENTITY[sdk=iphoneos*]" = "iPhone Developer";
				COPY_PHASE_STRIP = NO;
				DEBUG_INFORMATION_FORMAT = "dwarf-with-dsym";
				ENABLE_NS_ASSERTIONS = NO;
				ENABLE_STRICT_OBJC_MSGSEND = YES;
				GCC_C_LANGUAGE_STANDARD = gnu99;
				GCC_NO_COMMON_BLOCKS = YES;
				GCC_WARN_64_TO_32_BIT_CONVERSION = YES;
				GCC_WARN_ABOUT_RETURN_TYPE = YES_ERROR;
				GCC_WARN_UNDECLARED_SELECTOR = YES;
				GCC_WARN_UNINITIALIZED_AUTOS = YES_AGGRESSIVE;
				GCC_WARN_UNUSED_FUNCTION = YES;
				GCC_WARN_UNUSED_VARIABLE = YES;
				IPHONEOS_DEPLOYMENT_TARGET = 10.0;
				MTL_ENABLE_DEBUG_INFO = NO;
				SDKROOT = iphoneos;
				SWIFT_OPTIMIZATION_LEVEL = "-Owholemodule";
				TARGETED_DEVICE_FAMILY = "1,2";
				VALIDATE_PRODUCT = YES;
			};
			name = Release;
		};
		AD13C4F11DB737DB008A9CEA /* Debug */ = {
			isa = XCBuildConfiguration;
			buildSettings = {
				ASSETCATALOG_COMPILER_APPICON_NAME = AppIcon;
				"CODE_SIGN_IDENTITY[sdk=iphoneos*]" = "iPhone Developer: Bharat Bhushan (J4YLLSURN7)";
				DEVELOPMENT_TEAM = PP64RT7P8Z;
				INFOPLIST_FILE = "3D Touch Demo/Info.plist";
				IPHONEOS_DEPLOYMENT_TARGET = 9.2;
				LD_RUNPATH_SEARCH_PATHS = "$(inherited) @executable_path/Frameworks";
				PRODUCT_BUNDLE_IDENTIFIER = "com.ibm.mobilefirst.3D-Touch-Demo";
				PRODUCT_NAME = "$(TARGET_NAME)";
				PROVISIONING_PROFILE = "a19aabcb-ca30-470e-befc-6854d79877c1";
				PROVISIONING_PROFILE_SPECIFIER = "@IBM MobileFirst Wildcard App ID Dev Profile";
				SWIFT_VERSION = 3.0;
			};
			name = Debug;
		};
		AD13C4F21DB737DB008A9CEA /* Release */ = {
			isa = XCBuildConfiguration;
			buildSettings = {
				ASSETCATALOG_COMPILER_APPICON_NAME = AppIcon;
				DEVELOPMENT_TEAM = PP64RT7P8Z;
				INFOPLIST_FILE = "3D Touch Demo/Info.plist";
				IPHONEOS_DEPLOYMENT_TARGET = 9.2;
				LD_RUNPATH_SEARCH_PATHS = "$(inherited) @executable_path/Frameworks";
				PRODUCT_BUNDLE_IDENTIFIER = "com.ibm.mobilefirst.3D-Touch-Demo";
				PRODUCT_NAME = "$(TARGET_NAME)";
				PROVISIONING_PROFILE = "a19aabcb-ca30-470e-befc-6854d79877c1";
				PROVISIONING_PROFILE_SPECIFIER = "@IBM MobileFirst Wildcard App ID Dev Profile";
				SWIFT_VERSION = 3.0;
			};
			name = Release;
		};
/* End XCBuildConfiguration section */

/* Begin XCConfigurationList section */
		AD13C4D61DB737DB008A9CEA /* Build configuration list for PBXProject "3D Touch Demo" */ = {
			isa = XCConfigurationList;
			buildConfigurations = (
				AD13C4EE1DB737DB008A9CEA /* Debug */,
				AD13C4EF1DB737DB008A9CEA /* Release */,
			);
			defaultConfigurationIsVisible = 0;
			defaultConfigurationName = Release;
		};
		AD13C4F01DB737DB008A9CEA /* Build configuration list for PBXNativeTarget "3D Touch Demo" */ = {
			isa = XCConfigurationList;
			buildConfigurations = (
				AD13C4F11DB737DB008A9CEA /* Debug */,
				AD13C4F21DB737DB008A9CEA /* Release */,
			);
			defaultConfigurationIsVisible = 0;
		};
/* End XCConfigurationList section */

/* Begin XCVersionGroup section */
		AD13C4E51DB737DB008A9CEA /* _D_Touch_Demo.xcdatamodeld */ = {
			isa = XCVersionGroup;
			children = (
				AD13C4E61DB737DB008A9CEA /* _D_Touch_Demo.xcdatamodel */,
			);
			currentVersion = AD13C4E61DB737DB008A9CEA /* _D_Touch_Demo.xcdatamodel */;
			path = _D_Touch_Demo.xcdatamodeld;
			sourceTree = "<group>";
			versionGroupType = wrapper.xcdatamodel;
		};
/* End XCVersionGroup section */
	};
	rootObject = AD13C4D31DB737DB008A9CEA /* Project object */;
}
